
Microsoft Visual Studio Solution File, Format Version 12.00
# Visual Studio 15
VisualStudioVersion = 15.0.28010.2048
MinimumVisualStudioVersion = 10.0.40219.1
Project("{FAE04EC0-301F-11D3-BF4B-00C04F79EFBC}") = "NLogExample", "NLogExample\NLogExample.csproj", "{02C9F869-E504-4C8C-AA87-F99255EDE596}"
EndProject
Global
	GlobalSection(SolutionConfigurationPlatforms) = preSolution
		Debug|Any CPU = Debug|Any CPU
		Release|Any CPU = Release|Any CPU
	EndGlobalSection
	GlobalSection(ProjectConfigurationPlatforms) = postSolution
		{02C9F869-E504-4C8C-AA87-F99255EDE596}.Debug|Any CPU.ActiveCfg = Debug|Any CPU
		{02C9F869-E504-4C8C-AA87-F99255EDE596}.Debug|Any CPU.Build.0 = Debug|Any CPU
		{02C9F869-E504-4C8C-AA87-F99255EDE596}.Release|Any CPU.ActiveCfg = Release|Any CPU
		{02C9F869-E504-4C8C-AA87-F99255EDE596}.Release|Any CPU.Build.0 = Release|Any CPU
	EndGlobalSection
	GlobalSection(SolutionProperties) = preSolution
		HideSolutionNode = FALSE
	EndGlobalSection
	GlobalSection(ExtensibilityGlobals) = postSolution
		SolutionGuid = {C4944D33-4DF5-4FE7-80AB-723175BA5731}
	EndGlobalSection
EndGlobal
